{
  "name": "vr",
  "version": "1.0.0",
  "lockfileVersion": 3,
  "requires": true,
  "packages": {
    "": {
      "name": "vr",
      "version": "1.0.0",
      "license": "ISC",
      "dependencies": {
        "@babylonjs/core": "^8.33.4",
        "@babylonjs/inspector": "^8.33.4",
        "@babylonjs/loaders": "^8.33.4"
      }
    },
    "node_modules/@babylonjs/addons": {
      "version": "8.33.4",
      "resolved": "https://registry.npmjs.org/@babylonjs/addons/-/addons-8.33.4.tgz",
      "integrity": "sha512-y19kkI9EoPjilEIiNvnqXQ2pmdBEQbdqGR4BGDt7R2TqRZdGkJLLYfi5UUcIL0LXE5zaCE97mqvKLBnvrnl0Zg==",
      "license": "Apache-2.0",
      "peer": true,
      "peerDependencies": {
        "@babylonjs/core": "^8.0.0"
      }
    },
    "node_modules/@babylonjs/core": {
      "version": "8.33.4",
      "resolved": "https://registry.npmjs.org/@babylonjs/core/-/core-8.33.4.tgz",
      "integrity": "sha512-kXNFHRpjZkq61Ddr6FR7ScVMx6NCeorOqu6wTmQnTCndCTqNTJcS6p+OHloM9BVUNXvpJFNbKN+cHPPHGOc4Pg==",
      "license": "Apache-2.0"
    },
    "node_modules/@babylonjs/gui": {
      "version": "8.33.4",
      "resolved": "https://registry.npmjs.org/@babylonjs/gui/-/gui-8.33.4.tgz",
      "integrity": "sha512-CWAsQtHpGEsx3pXwV2WWRrje44s3soAq1Na24snhPaZGVKeJEuzZ7Bjo7dovqf1ks+fcspf0buWPsl6TDctXsA==",
      "license": "Apache-2.0",
      "peer": true,
      "peerDependencies": {
        "@babylonjs/core": "^8.0.0"
      }
    },
    "node_modules/@babylonjs/gui-editor": {
      "version": "8.33.4",
      "resolved": "https://registry.npmjs.org/@babylonjs/gui-editor/-/gui-editor-8.33.4.tgz",
      "integrity": "sha512-C/hZR61TBHMbG64HqNnGSOYkm+Wne2Y8PeqR3sx+2S4h1PjhctPh5EaIhEztEstAWtc2YVccb5GQE3ko+NMU+w==",
      "license": "Apache-2.0",
      "peer": true,
      "peerDependencies": {
        "@babylonjs/core": "^8.0.0",
        "@babylonjs/gui": "^8.0.0",
        "@types/react": ">=16.7.3",
        "@types/react-dom": ">=16.0.9"
      }
    },
    "node_modules/@babylonjs/inspector": {
      "version": "8.33.4",
      "resolved": "https://registry.npmjs.org/@babylonjs/inspector/-/inspector-8.33.4.tgz",
      "integrity": "sha512-dMTPjkghHGJcw1M/l8NEE00PYPGwYkBhNUV6O2SkV3atl9Anmz6YYLhtZ2i0EgR7JUdvkUVQrx2kM4yffhqxYg==",
      "license": "Apache-2.0",
      "dependencies": {
        "@fortawesome/fontawesome-svg-core": "^6.1.0",
        "@fortawesome/free-regular-svg-icons": "^6.0.0",
        "@fortawesome/free-solid-svg-icons": "^6.0.0"
      },
      "peerDependencies": {
        "@babylonjs/addons": "^8.0.0",
        "@babylonjs/core": "^8.0.0",
        "@babylonjs/gui": "^8.0.0",
        "@babylonjs/gui-editor": "^8.0.0",
        "@babylonjs/loaders": "^8.0.0",
        "@babylonjs/materials": "^8.0.0",
        "@babylonjs/serializers": "^8.0.0",
        "@types/react": ">=16.7.3",
        "@types/react-dom": ">=16.0.9"
      }
    },
    "node_modules/@babylonjs/loaders": {
      "version": "8.33.4",
      "resolved": "https://registry.npmjs.org/@babylonjs/loaders/-/loaders-8.33.4.tgz",
      "integrity": "sha512-OmnvQWFPh+/qrJQxOhpFn8F6w52eFFf+Ond8ZS4rnWyFty5YWWy303vQfgBPOUguRcKdj0HZuKGLWsBXK4V3Ng==",
      "license": "Apache-2.0",
      "peerDependencies": {
        "@babylonjs/core": "^8.0.0",
        "babylonjs-gltf2interface": "^8.0.0"
      }
    },
    "node_modules/@babylonjs/materials": {
      "version": "8.33.4",
      "resolved": "https://registry.npmjs.org/@babylonjs/materials/-/materials-8.33.4.tgz",
      "integrity": "sha512-2xZ2CQ5ZNwVVEdFdSIAMPAsIOKCJlvMFYyOSmkK0XYuquatK0c0mVezL+eAo6ZvTIwphar3oiY7mJ52NojYD0g==",
      "license": "Apache-2.0",
      "peer": true,
      "peerDependencies": {
        "@babylonjs/core": "^8.6.0"
      }
    },
    "node_modules/@babylonjs/serializers": {
      "version": "8.33.4",
      "resolved": "https://registry.npmjs.org/@babylonjs/serializers/-/serializers-8.33.4.tgz",
      "integrity": "sha512-6LPUGkfMyTgVMpXDOImXKTxaiMnwzissTYujsAyJk9WaSLPr8Z0qMLcwRO/3BD+xRo4RBoj1QXBeowForbQ9vQ==",
      "license": "Apache-2.0",
      "peer": true,
      "peerDependencies": {
        "@babylonjs/core": "^8.0.0",
        "babylonjs-gltf2interface": "^8.0.0"
      }
    },
    "node_modules/@fortawesome/fontawesome-common-types": {
      "version": "6.7.2",
      "resolved": "https://registry.npmjs.org/@fortawesome/fontawesome-common-types/-/fontawesome-common-types-6.7.2.tgz",
      "integrity": "sha512-Zs+YeHUC5fkt7Mg1l6XTniei3k4bwG/yo3iFUtZWd/pMx9g3fdvkSK9E0FOC+++phXOka78uJcYb8JaFkW52Xg==",
      "license": "MIT",
      "engines": {
        "node": ">=6"
      }
    },
    "node_modules/@fortawesome/fontawesome-svg-core": {
      "version": "6.7.2",
      "resolved": "https://registry.npmjs.org/@fortawesome/fontawesome-svg-core/-/fontawesome-svg-core-6.7.2.tgz",
      "integrity": "sha512-yxtOBWDrdi5DD5o1pmVdq3WMCvnobT0LU6R8RyyVXPvFRd2o79/0NCuQoCjNTeZz9EzA9xS3JxNWfv54RIHFEA==",
      "license": "MIT",
      "dependencies": {
        "@fortawesome/fontawesome-common-types": "6.7.2"
      },
      "engines": {
        "node": ">=6"
      }
    },
    "node_modules/@fortawesome/free-regular-svg-icons": {
      "version": "6.7.2",
      "resolved": "https://registry.npmjs.org/@fortawesome/free-regular-svg-icons/-/free-regular-svg-icons-6.7.2.tgz",
      "integrity": "sha512-7Z/ur0gvCMW8G93dXIQOkQqHo2M5HLhYrRVC0//fakJXxcF1VmMPsxnG6Ee8qEylA8b8Q3peQXWMNZ62lYF28g==",
      "license": "(CC-BY-4.0 AND MIT)",
      "dependencies": {
        "@fortawesome/fontawesome-common-types": "6.7.2"
      },
      "engines": {
        "node": ">=6"
      }
    },
    "node_modules/@fortawesome/free-solid-svg-icons": {
      "version": "6.7.2",
      "resolved": "https://registry.npmjs.org/@fortawesome/free-solid-svg-icons/-/free-solid-svg-icons-6.7.2.tgz",
      "integrity": "sha512-GsBrnOzU8uj0LECDfD5zomZJIjrPhIlWU82AHwa2s40FKH+kcxQaBvBo3Z4TxyZHIyX8XTDxsyA33/Vx9eFuQA==",
      "license": "(CC-BY-4.0 AND MIT)",
      "dependencies": {
        "@fortawesome/fontawesome-common-types": "6.7.2"
      },
      "engines": {
        "node": ">=6"
      }
    },
    "node_modules/@types/react": {
      "version": "19.2.2",
      "resolved": "https://registry.npmjs.org/@types/react/-/react-19.2.2.tgz",
      "integrity": "sha512-6mDvHUFSjyT2B2yeNx2nUgMxh9LtOWvkhIU3uePn2I2oyNymUAX1NIsdgviM4CH+JSrp2D2hsMvJOkxY+0wNRA==",
      "license": "MIT",
      "peer": true,
      "dependencies": {
        "csstype": "^3.0.2"
      }
    },
    "node_modules/@types/react-dom": {
      "version": "19.2.2",
      "resolved": "https://registry.npmjs.org/@types/react-dom/-/react-dom-19.2.2.tgz",
      "integrity": "sha512-9KQPoO6mZCi7jcIStSnlOWn2nEF3mNmyr3rIAsGnAbQKYbRLyqmeSc39EVgtxXVia+LMT8j3knZLAZAh+xLmrw==",
      "license": "MIT",
      "peer": true,
      "peerDependencies": {
        "@types/react": "^19.2.0"
      }
    },
    "node_modules/babylonjs-gltf2interface": {
      "version": "8.33.4",
      "resolved": "https://registry.npmjs.org/babylonjs-gltf2interface/-/babylonjs-gltf2interface-8.33.4.tgz",
      "integrity": "sha512-Nqc54fsBznPBhOKuzjmP/I6gohwutJ0OkCN81tZEwf+kw0Y2MbwdiweTuq24ok3WDUPCKpkOmgraZKJkY74H9g==",
      "license": "Apache-2.0",
      "peer": true
    },
    "node_modules/csstype": {
      "version": "3.1.3",
      "resolved": "https://registry.npmjs.org/csstype/-/csstype-3.1.3.tgz",
      "integrity": "sha512-M1uQkMl8rQK/szD0LNhtqxIPLpimGm8sOBwU7lLnCpSbTyY3yeU1Vc7l4KT5zT4s/yOxHH5O7tIuuLOCnLADRw==",
      "license": "MIT",
      "peer": true
    }
  }
}
